Microsoft Visual Studio Solution File, Format Version 12.00
# Visual Studio Version 17
VisualStudioVersion = 17.0.31903.59
MinimumVisualStudioVersion = 10.0.40219.1
Project("{2150E333-8FDC-42A3-9474-1A3956D46DE8}") = "src", "src", "{A7B3C1D4-E5F6-4789-0ABC-DEF123456789}"
EndProject
Project("{FAE04EC0-301F-11D3-BF4B-00C04F79EFBC}") = "AzureCraft.Domain", "src\AzureCraft.Domain\AzureCraft.Domain.csproj", "{B1C2D3E4-F5A6-4789-8901-234567890ABC}"
EndProject
Project("{FAE04EC0-301F-11D3-BF4B-00C04F79EFBC}") = "AzureCraft.Application", "src\AzureCraft.Application\AzureCraft.Application.csproj", "{C2D3E4F5-A6B7-4890-9012-345678901BCD}"
EndProject
Project("{FAE04EC0-301F-11D3-BF4B-00C04F79EFBC}") = "AzureCraft.Infrastructure", "src\AzureCraft.Infrastructure\AzureCraft.Infrastructure.csproj", "{D3E4F5A6-B7C8-4901-0123-456789012CDE}"
EndProject
Project("{FAE04EC0-301F-11D3-BF4B-00C04F79EFBC}") = "AzureCraft.Api", "src\AzureCraft.Api\AzureCraft.Api.csproj", "{E4F5A6B7-C8D9-4012-1234-567890123DEF}"
EndProject
Project("{2150E333-8FDC-42A3-9474-1A3956D46DE8}") = "tests", "tests", "{F5A6B7C8-D9E0-4123-2345-678901234EF0}"
EndProject
Project("{FAE04EC0-301F-11D3-BF4B-00C04F79EFBC}") = "AzureCraft.Domain.Tests", "tests\AzureCraft.Domain.Tests\AzureCraft.Domain.Tests.csproj", "{A6B7C8D9-E0F1-4234-3456-789012345F01}"
EndProject
Project("{FAE04EC0-301F-11D3-BF4B-00C04F79EFBC}") = "AzureCraft.Application.Tests", "tests\AzureCraft.Application.Tests\AzureCraft.Application.Tests.csproj", "{B7C8D9E0-F1A2-4345-4567-890123456012}"
EndProject
Global
	GlobalSection(SolutionConfigurationPlatforms) = preSolution
		Debug|Any CPU = Debug|Any CPU
		Release|Any CPU = Release|Any CPU
	EndGlobalSection
	GlobalSection(ProjectConfigurationPlatforms) = postSolution
		{B1C2D3E4-F5A6-4789-8901-234567890ABC}.Debug|Any CPU.ActiveCfg = Debug|Any CPU
		{B1C2D3E4-F5A6-4789-8901-234567890ABC}.Debug|Any CPU.Build.0 = Debug|Any CPU
		{B1C2D3E4-F5A6-4789-8901-234567890ABC}.Release|Any CPU.ActiveCfg = Release|Any CPU
		{B1C2D3E4-F5A6-4789-8901-234567890ABC}.Release|Any CPU.Build.0 = Release|Any CPU
		{C2D3E4F5-A6B7-4890-9012-345678901BCD}.Debug|Any CPU.ActiveCfg = Debug|Any CPU
		{C2D3E4F5-A6B7-4890-9012-345678901BCD}.Debug|Any CPU.Build.0 = Debug|Any CPU
		{C2D3E4F5-A6B7-4890-9012-345678901BCD}.Release|Any CPU.ActiveCfg = Release|Any CPU
		{C2D3E4F5-A6B7-4890-9012-345678901BCD}.Release|Any CPU.Build.0 = Release|Any CPU
		{D3E4F5A6-B7C8-4901-0123-456789012CDE}.Debug|Any CPU.ActiveCfg = Debug|Any CPU
		{D3E4F5A6-B7C8-4901-0123-456789012CDE}.Debug|Any CPU.Build.0 = Debug|Any CPU
		{D3E4F5A6-B7C8-4901-0123-456789012CDE}.Release|Any CPU.ActiveCfg = Release|Any CPU
		{D3E4F5A6-B7C8-4901-0123-456789012CDE}.Release|Any CPU.Build.0 = Release|Any CPU
		{E4F5A6B7-C8D9-4012-1234-567890123DEF}.Debug|Any CPU.ActiveCfg = Debug|Any CPU
		{E4F5A6B7-C8D9-4012-1234-567890123DEF}.Debug|Any CPU.Build.0 = Debug|Any CPU
		{E4F5A6B7-C8D9-4012-1234-567890123DEF}.Release|Any CPU.ActiveCfg = Release|Any CPU
		{E4F5A6B7-C8D9-4012-1234-567890123DEF}.Release|Any CPU.Build.0 = Release|Any CPU
		{A6B7C8D9-E0F1-4234-3456-789012345F01}.Debug|Any CPU.ActiveCfg = Debug|Any CPU
		{A6B7C8D9-E0F1-4234-3456-789012345F01}.Debug|Any CPU.Build.0 = Debug|Any CPU
		{A6B7C8D9-E0F1-4234-3456-789012345F01}.Release|Any CPU.ActiveCfg = Release|Any CPU
		{A6B7C8D9-E0F1-4234-3456-789012345F01}.Release|Any CPU.Build.0 = Release|Any CPU
		{B7C8D9E0-F1A2-4345-4567-890123456012}.Debug|Any CPU.ActiveCfg = Debug|Any CPU
		{B7C8D9E0-F1A2-4345-4567-890123456012}.Debug|Any CPU.Build.0 = Debug|Any CPU
		{B7C8D9E0-F1A2-4345-4567-890123456012}.Release|Any CPU.ActiveCfg = Release|Any CPU
		{B7C8D9E0-F1A2-4345-4567-890123456012}.Release|Any CPU.Build.0 = Release|Any CPU
	EndGlobalSection
	GlobalSection(NestedProjects) = preSolution
		{B1C2D3E4-F5A6-4789-8901-234567890ABC} = {A7B3C1D4-E5F6-4789-0ABC-DEF123456789}
		{C2D3E4F5-A6B7-4890-9012-345678901BCD} = {A7B3C1D4-E5F6-4789-0ABC-DEF123456789}
		{D3E4F5A6-B7C8-4901-0123-456789012CDE} = {A7B3C1D4-E5F6-4789-0ABC-DEF123456789}
		{E4F5A6B7-C8D9-4012-1234-567890123DEF} = {A7B3C1D4-E5F6-4789-0ABC-DEF123456789}
		{A6B7C8D9-E0F1-4234-3456-789012345F01} = {F5A6B7C8-D9E0-4123-2345-678901234EF0}
		{B7C8D9E0-F1A2-4345-4567-890123456012} = {F5A6B7C8-D9E0-4123-2345-678901234EF0}
	EndGlobalSection
EndGlobal
